
Microsoft Visual Studio Solution File, Format Version 12.00
# Visual Studio Version 17
VisualStudioVersion = 17.11.35303.130
MinimumVisualStudioVersion = 10.0.40219.1
Project("{FAE04EC0-301F-11D3-BF4B-00C04F79EFBC}") = "Pr_11_Win", "Pr_11_Win.csproj", "{A86F9492-4A66-4662-B35B-ADB0E69F5088}"
EndProject
Global
	GlobalSection(SolutionConfigurationPlatforms) = preSolution
		Debug|Any CPU = Debug|Any CPU
		Release|Any CPU = Release|Any CPU
	EndGlobalSection
	GlobalSection(ProjectConfigurationPlatforms) = postSolution
		{A86F9492-4A66-4662-B35B-ADB0E69F5088}.Debug|Any CPU.ActiveCfg = Debug|Any CPU
		{A86F9492-4A66-4662-B35B-ADB0E69F5088}.Debug|Any CPU.Build.0 = Debug|Any CPU
		{A86F9492-4A66-4662-B35B-ADB0E69F5088}.Release|Any CPU.ActiveCfg = Release|Any CPU
		{A86F9492-4A66-4662-B35B-ADB0E69F5088}.Release|Any CPU.Build.0 = Release|Any CPU
	EndGlobalSection
	GlobalSection(SolutionProperties) = preSolution
		HideSolutionNode = FALSE
	EndGlobalSection
	GlobalSection(ExtensibilityGlobals) = postSolution
		SolutionGuid = {FD76766A-1FEC-400C-A8C9-5D49C97363D5}
	EndGlobalSection
EndGlobal
